
Microsoft Visual Studio Solution File, Format Version 12.00
# Visual Studio Version 18
VisualStudioVersion = 18.0.11018.127
MinimumVisualStudioVersion = 10.0.40219.1
Project("{8BC9CEB8-8B4A-11D0-8D11-00A0C91BC942}") = "linked-list-int", "linked-list\linked-list.vcxproj", "{F14BD7C7-C6BD-4542-9F1F-93FB84BAA5CE}"
EndProject
Project("{8BC9CEB8-8B4A-11D0-8D11-00A0C91BC942}") = "linked-list-gen", "linked-list-gen\linked-list-gen.vcxproj", "{AB970DAF-42A1-4EC2-A9B6-9BE207BD9984}"
EndProject
Project("{8BC9CEB8-8B4A-11D0-8D11-00A0C91BC942}") = "memory-allocation", "memory-allocation\memory-allocation.vcxproj", "{D5D0275D-A726-4859-926D-664AD68C0496}"
EndProject
Global
	GlobalSection(SolutionConfigurationPlatforms) = preSolution
		Debug|x64 = Debug|x64
		Debug|x86 = Debug|x86
		Release|x64 = Release|x64
		Release|x86 = Release|x86
	EndGlobalSection
	GlobalSection(ProjectConfigurationPlatforms) = postSolution
		{F14BD7C7-C6BD-4542-9F1F-93FB84BAA5CE}.Debug|x64.ActiveCfg = Debug|x64
		{F14BD7C7-C6BD-4542-9F1F-93FB84BAA5CE}.Debug|x64.Build.0 = Debug|x64
		{F14BD7C7-C6BD-4542-9F1F-93FB84BAA5CE}.Debug|x86.ActiveCfg = Debug|Win32
		{F14BD7C7-C6BD-4542-9F1F-93FB84BAA5CE}.Debug|x86.Build.0 = Debug|Win32
		{F14BD7C7-C6BD-4542-9F1F-93FB84BAA5CE}.Release|x64.ActiveCfg = Release|x64
		{F14BD7C7-C6BD-4542-9F1F-93FB84BAA5CE}.Release|x64.Build.0 = Release|x64
		{F14BD7C7-C6BD-4542-9F1F-93FB84BAA5CE}.Release|x86.ActiveCfg = Release|Win32
		{F14BD7C7-C6BD-4542-9F1F-93FB84BAA5CE}.Release|x86.Build.0 = Release|Win32
		{AB970DAF-42A1-4EC2-A9B6-9BE207BD9984}.Debug|x64.ActiveCfg = Debug|x64
		{AB970DAF-42A1-4EC2-A9B6-9BE207BD9984}.Debug|x64.Build.0 = Debug|x64
		{AB970DAF-42A1-4EC2-A9B6-9BE207BD9984}.Debug|x86.ActiveCfg = Debug|Win32
		{AB970DAF-42A1-4EC2-A9B6-9BE207BD9984}.Debug|x86.Build.0 = Debug|Win32
		{AB970DAF-42A1-4EC2-A9B6-9BE207BD9984}.Release|x64.ActiveCfg = Release|x64
		{AB970DAF-42A1-4EC2-A9B6-9BE207BD9984}.Release|x64.Build.0 = Release|x64
		{AB970DAF-42A1-4EC2-A9B6-9BE207BD9984}.Release|x86.ActiveCfg = Release|Win32
		{AB970DAF-42A1-4EC2-A9B6-9BE207BD9984}.Release|x86.Build.0 = Release|Win32
		{D5D0275D-A726-4859-926D-664AD68C0496}.Debug|x64.ActiveCfg = Debug|x64
		{D5D0275D-A726-4859-926D-664AD68C0496}.Debug|x64.Build.0 = Debug|x64
		{D5D0275D-A726-4859-926D-664AD68C0496}.Debug|x86.ActiveCfg = Debug|Win32
		{D5D0275D-A726-4859-926D-664AD68C0496}.Debug|x86.Build.0 = Debug|Win32
		{D5D0275D-A726-4859-926D-664AD68C0496}.Release|x64.ActiveCfg = Release|x64
		{D5D0275D-A726-4859-926D-664AD68C0496}.Release|x64.Build.0 = Release|x64
		{D5D0275D-A726-4859-926D-664AD68C0496}.Release|x86.ActiveCfg = Release|Win32
		{D5D0275D-A726-4859-926D-664AD68C0496}.Release|x86.Build.0 = Release|Win32
	EndGlobalSection
	GlobalSection(SolutionProperties) = preSolution
		HideSolutionNode = FALSE
	EndGlobalSection
	GlobalSection(ExtensibilityGlobals) = postSolution
		SolutionGuid = {2CDC6F61-7D39-4CD8-BC62-0166C40805F8}
	EndGlobalSection
EndGlobal
